
Microsoft Visual Studio Solution File, Format Version 12.00
# Visual Studio Version 17
VisualStudioVersion = 17.4.33213.308
MinimumVisualStudioVersion = 10.0.40219.1
Project("{8BC9CEB8-8B4A-11D0-8D11-00A0C91BC942}") = "Ejercicio9", "Ejercicio9\Ejercicio9.vcxproj", "{E0269DBF-244E-4C40-81D9-E00FB8ADF2C2}"
EndProject
Global
	GlobalSection(SolutionConfigurationPlatforms) = preSolution
		Debug|x64 = Debug|x64
		Release|x64 = Release|x64
	EndGlobalSection
	GlobalSection(ProjectConfigurationPlatforms) = postSolution
		{E0269DBF-244E-4C40-81D9-E00FB8ADF2C2}.Debug|x64.ActiveCfg = Debug|x64
		{E0269DBF-244E-4C40-81D9-E00FB8ADF2C2}.Debug|x64.Build.0 = Debug|x64
		{E0269DBF-244E-4C40-81D9-E00FB8ADF2C2}.Release|x64.ActiveCfg = Release|x64
		{E0269DBF-244E-4C40-81D9-E00FB8ADF2C2}.Release|x64.Build.0 = Release|x64
	EndGlobalSection
	GlobalSection(SolutionProperties) = preSolution
		HideSolutionNode = FALSE
	EndGlobalSection
	GlobalSection(ExtensibilityGlobals) = postSolution
		SolutionGuid = {97510B30-BA3E-49FD-A9F8-FC69047AA003}
	EndGlobalSection
EndGlobal
